
Microsoft Visual Studio Solution File, Format Version 12.00
# Visual Studio Version 17
VisualStudioVersion = 17.7.34031.279
MinimumVisualStudioVersion = 10.0.40219.1
Project("{FAE04EC0-301F-11D3-BF4B-00C04F79EFBC}") = "Blazor App", "Blazor App\Blazor App.csproj", "{A7A5EC83-3851-469C-A44D-C11B006DF7A2}"
EndProject
Project("{2150E333-8FDC-42A3-9474-1A3956D46DE8}") = "Elementy rozwiązania", "Elementy rozwiązania", "{5A216D39-2685-4C7B-8043-AB4FA946471C}"
EndProject
Global
	GlobalSection(SolutionConfigurationPlatforms) = preSolution
		Debug|Any CPU = Debug|Any CPU
		Release|Any CPU = Release|Any CPU
	EndGlobalSection
	GlobalSection(ProjectConfigurationPlatforms) = postSolution
		{A7A5EC83-3851-469C-A44D-C11B006DF7A2}.Debug|Any CPU.ActiveCfg = Debug|Any CPU
		{A7A5EC83-3851-469C-A44D-C11B006DF7A2}.Debug|Any CPU.Build.0 = Debug|Any CPU
		{A7A5EC83-3851-469C-A44D-C11B006DF7A2}.Release|Any CPU.ActiveCfg = Release|Any CPU
		{A7A5EC83-3851-469C-A44D-C11B006DF7A2}.Release|Any CPU.Build.0 = Release|Any CPU
	EndGlobalSection
	GlobalSection(SolutionProperties) = preSolution
		HideSolutionNode = FALSE
	EndGlobalSection
	GlobalSection(ExtensibilityGlobals) = postSolution
		SolutionGuid = {9ADC6CA8-417B-4BF2-AAC4-77807E652DED}
	EndGlobalSection
EndGlobal
